
Microsoft Visual Studio Solution File, Format Version 12.00
# Visual Studio Version 16
VisualStudioVersion = 16.0.30309.148
MinimumVisualStudioVersion = 10.0.40219.1
Project("{FAE04EC0-301F-11D3-BF4B-00C04F79EFBC}") = "dotNetcoreWeb", "dotNetcoreWeb\dotNetcoreWeb.csproj", "{B8583528-8FE0-473B-B5FC-C9A836D7E646}"
EndProject
Global
	GlobalSection(SolutionConfigurationPlatforms) = preSolution
		Debug|Any CPU = Debug|Any CPU
		Release|Any CPU = Release|Any CPU
	EndGlobalSection
	GlobalSection(ProjectConfigurationPlatforms) = postSolution
		{B8583528-8FE0-473B-B5FC-C9A836D7E646}.Debug|Any CPU.ActiveCfg = Debug|Any CPU
		{B8583528-8FE0-473B-B5FC-C9A836D7E646}.Debug|Any CPU.Build.0 = Debug|Any CPU
		{B8583528-8FE0-473B-B5FC-C9A836D7E646}.Release|Any CPU.ActiveCfg = Release|Any CPU
		{B8583528-8FE0-473B-B5FC-C9A836D7E646}.Release|Any CPU.Build.0 = Release|Any CPU
	EndGlobalSection
	GlobalSection(SolutionProperties) = preSolution
		HideSolutionNode = FALSE
	EndGlobalSection
	GlobalSection(ExtensibilityGlobals) = postSolution
		SolutionGuid = {C995F9A8-F2B2-45DF-BA3E-17DA3C93B6D0}
	EndGlobalSection
EndGlobal
